
Microsoft Visual Studio Solution File, Format Version 12.00
# Visual Studio Version 17
VisualStudioVersion = 17.9.34723.18
MinimumVisualStudioVersion = 10.0.40219.1
Project("{FAE04EC0-301F-11D3-BF4B-00C04F79EFBC}") = "DoctorClass", "DoctorClass\DoctorClass.csproj", "{7D78B37E-FD84-4D6F-A527-CCC844F3ACBA}"
EndProject
Global
	GlobalSection(SolutionConfigurationPlatforms) = preSolution
		Debug|Any CPU = Debug|Any CPU
		Release|Any CPU = Release|Any CPU
	EndGlobalSection
	GlobalSection(ProjectConfigurationPlatforms) = postSolution
		{7D78B37E-FD84-4D6F-A527-CCC844F3ACBA}.Debug|Any CPU.ActiveCfg = Debug|Any CPU
		{7D78B37E-FD84-4D6F-A527-CCC844F3ACBA}.Debug|Any CPU.Build.0 = Debug|Any CPU
		{7D78B37E-FD84-4D6F-A527-CCC844F3ACBA}.Release|Any CPU.ActiveCfg = Release|Any CPU
		{7D78B37E-FD84-4D6F-A527-CCC844F3ACBA}.Release|Any CPU.Build.0 = Release|Any CPU
	EndGlobalSection
	GlobalSection(SolutionProperties) = preSolution
		HideSolutionNode = FALSE
	EndGlobalSection
	GlobalSection(ExtensibilityGlobals) = postSolution
		SolutionGuid = {8A882DF0-FFD6-490C-837E-F5C280E67F55}
	EndGlobalSection
EndGlobal
