
Microsoft Visual Studio Solution File, Format Version 12.00
# Visual Studio Version 17
VisualStudioVersion = 17.9.34723.18
MinimumVisualStudioVersion = 10.0.40219.1
Project("{FAE04EC0-301F-11D3-BF4B-00C04F79EFBC}") = "KeyVaultTest", "KeyVaultTest\KeyVaultTest.csproj", "{04ED29F7-6593-4BE4-84D0-1C7E2E59C5AA}"
EndProject
Global
	GlobalSection(SolutionConfigurationPlatforms) = preSolution
		Debug|Any CPU = Debug|Any CPU
		Release|Any CPU = Release|Any CPU
	EndGlobalSection
	GlobalSection(ProjectConfigurationPlatforms) = postSolution
		{04ED29F7-6593-4BE4-84D0-1C7E2E59C5AA}.Debug|Any CPU.ActiveCfg = Debug|Any CPU
		{04ED29F7-6593-4BE4-84D0-1C7E2E59C5AA}.Debug|Any CPU.Build.0 = Debug|Any CPU
		{04ED29F7-6593-4BE4-84D0-1C7E2E59C5AA}.Release|Any CPU.ActiveCfg = Release|Any CPU
		{04ED29F7-6593-4BE4-84D0-1C7E2E59C5AA}.Release|Any CPU.Build.0 = Release|Any CPU
	EndGlobalSection
	GlobalSection(SolutionProperties) = preSolution
		HideSolutionNode = FALSE
	EndGlobalSection
	GlobalSection(ExtensibilityGlobals) = postSolution
		SolutionGuid = {9029DD4C-7EC9-4638-A847-0A04650BE972}
	EndGlobalSection
EndGlobal
