
Microsoft Visual Studio Solution File, Format Version 12.00
# Visual Studio Version 17
VisualStudioVersion = 17.9.34723.18
MinimumVisualStudioVersion = 10.0.40219.1
Project("{FAE04EC0-301F-11D3-BF4B-00C04F79EFBC}") = "ValidateIds", "ValidateIds\ValidateIds.csproj", "{71A7E0AB-514D-4628-8FAD-E887797FA984}"
EndProject
Global
	GlobalSection(SolutionConfigurationPlatforms) = preSolution
		Debug|Any CPU = Debug|Any CPU
		Release|Any CPU = Release|Any CPU
	EndGlobalSection
	GlobalSection(ProjectConfigurationPlatforms) = postSolution
		{71A7E0AB-514D-4628-8FAD-E887797FA984}.Debug|Any CPU.ActiveCfg = Debug|Any CPU
		{71A7E0AB-514D-4628-8FAD-E887797FA984}.Debug|Any CPU.Build.0 = Debug|Any CPU
		{71A7E0AB-514D-4628-8FAD-E887797FA984}.Release|Any CPU.ActiveCfg = Release|Any CPU
		{71A7E0AB-514D-4628-8FAD-E887797FA984}.Release|Any CPU.Build.0 = Release|Any CPU
	EndGlobalSection
	GlobalSection(SolutionProperties) = preSolution
		HideSolutionNode = FALSE
	EndGlobalSection
	GlobalSection(ExtensibilityGlobals) = postSolution
		SolutionGuid = {C2943C8E-5EB5-4E01-B2CA-1689E22EA85E}
	EndGlobalSection
EndGlobal
