
Microsoft Visual Studio Solution File, Format Version 12.00
# Visual Studio Version 17
VisualStudioVersion = 17.9.34723.18
MinimumVisualStudioVersion = 10.0.40219.1
Project("{FAE04EC0-301F-11D3-BF4B-00C04F79EFBC}") = "GovtRulesApp", "GovtRulesApp\GovtRulesApp.csproj", "{FF97737A-8C4F-4111-B050-A2C5EA4CF490}"
EndProject
Project("{FAE04EC0-301F-11D3-BF4B-00C04F79EFBC}") = "CompanyModelClassLibrary", "CompanyModelClassLibrary\CompanyModelClassLibrary.csproj", "{A3CF09FC-6865-498B-96C8-35E7FE303E69}"
EndProject
Global
	GlobalSection(SolutionConfigurationPlatforms) = preSolution
		Debug|Any CPU = Debug|Any CPU
		Release|Any CPU = Release|Any CPU
	EndGlobalSection
	GlobalSection(ProjectConfigurationPlatforms) = postSolution
		{FF97737A-8C4F-4111-B050-A2C5EA4CF490}.Debug|Any CPU.ActiveCfg = Debug|Any CPU
		{FF97737A-8C4F-4111-B050-A2C5EA4CF490}.Debug|Any CPU.Build.0 = Debug|Any CPU
		{FF97737A-8C4F-4111-B050-A2C5EA4CF490}.Release|Any CPU.ActiveCfg = Release|Any CPU
		{FF97737A-8C4F-4111-B050-A2C5EA4CF490}.Release|Any CPU.Build.0 = Release|Any CPU
		{A3CF09FC-6865-498B-96C8-35E7FE303E69}.Debug|Any CPU.ActiveCfg = Debug|Any CPU
		{A3CF09FC-6865-498B-96C8-35E7FE303E69}.Debug|Any CPU.Build.0 = Debug|Any CPU
		{A3CF09FC-6865-498B-96C8-35E7FE303E69}.Release|Any CPU.ActiveCfg = Release|Any CPU
		{A3CF09FC-6865-498B-96C8-35E7FE303E69}.Release|Any CPU.Build.0 = Release|Any CPU
	EndGlobalSection
	GlobalSection(SolutionProperties) = preSolution
		HideSolutionNode = FALSE
	EndGlobalSection
	GlobalSection(ExtensibilityGlobals) = postSolution
		SolutionGuid = {DF7B2497-0EB3-4C37-87BB-5830383B61CD}
	EndGlobalSection
EndGlobal
