
Microsoft Visual Studio Solution File, Format Version 12.00
# Visual Studio Version 17
VisualStudioVersion = 17.9.34723.18
MinimumVisualStudioVersion = 10.0.40219.1
Project("{FAE04EC0-301F-11D3-BF4B-00C04F79EFBC}") = "FirstAPI", "FirstAPI\FirstAPI.csproj", "{026C3301-3B02-4456-B5B6-AE268C23AA0F}"
EndProject
Global
	GlobalSection(SolutionConfigurationPlatforms) = preSolution
		Debug|Any CPU = Debug|Any CPU
		Release|Any CPU = Release|Any CPU
	EndGlobalSection
	GlobalSection(ProjectConfigurationPlatforms) = postSolution
		{026C3301-3B02-4456-B5B6-AE268C23AA0F}.Debug|Any CPU.ActiveCfg = Debug|Any CPU
		{026C3301-3B02-4456-B5B6-AE268C23AA0F}.Debug|Any CPU.Build.0 = Debug|Any CPU
		{026C3301-3B02-4456-B5B6-AE268C23AA0F}.Release|Any CPU.ActiveCfg = Release|Any CPU
		{026C3301-3B02-4456-B5B6-AE268C23AA0F}.Release|Any CPU.Build.0 = Release|Any CPU
	EndGlobalSection
	GlobalSection(SolutionProperties) = preSolution
		HideSolutionNode = FALSE
	EndGlobalSection
	GlobalSection(ExtensibilityGlobals) = postSolution
		SolutionGuid = {D27865DB-C40D-4608-BF74-B29C26DFE0BE}
	EndGlobalSection
EndGlobal
