
Microsoft Visual Studio Solution File, Format Version 12.00
# Visual Studio Version 17
VisualStudioVersion = 17.9.34723.18
MinimumVisualStudioVersion = 10.0.40219.1
Project("{FAE04EC0-301F-11D3-BF4B-00C04F79EFBC}") = "ExcelSheetColumnTitle", "ExcelSheetColumnTitle\ExcelSheetColumnTitle.csproj", "{519596C3-AFAE-4FAF-B1EF-996BABFD4F4F}"
EndProject
Global
	GlobalSection(SolutionConfigurationPlatforms) = preSolution
		Debug|Any CPU = Debug|Any CPU
		Release|Any CPU = Release|Any CPU
	EndGlobalSection
	GlobalSection(ProjectConfigurationPlatforms) = postSolution
		{519596C3-AFAE-4FAF-B1EF-996BABFD4F4F}.Debug|Any CPU.ActiveCfg = Debug|Any CPU
		{519596C3-AFAE-4FAF-B1EF-996BABFD4F4F}.Debug|Any CPU.Build.0 = Debug|Any CPU
		{519596C3-AFAE-4FAF-B1EF-996BABFD4F4F}.Release|Any CPU.ActiveCfg = Release|Any CPU
		{519596C3-AFAE-4FAF-B1EF-996BABFD4F4F}.Release|Any CPU.Build.0 = Release|Any CPU
	EndGlobalSection
	GlobalSection(SolutionProperties) = preSolution
		HideSolutionNode = FALSE
	EndGlobalSection
	GlobalSection(ExtensibilityGlobals) = postSolution
		SolutionGuid = {28F30953-90B7-4EE8-9063-CD1F43A54D46}
	EndGlobalSection
EndGlobal
