
Microsoft Visual Studio Solution File, Format Version 12.00
# Visual Studio Version 17
VisualStudioVersion = 17.9.34723.18
MinimumVisualStudioVersion = 10.0.40219.1
Project("{FAE04EC0-301F-11D3-BF4B-00C04F79EFBC}") = "LinkedListCycle", "LinkedListCycle\LinkedListCycle.csproj", "{0C4E555B-10B4-4FBC-81EF-A5EA8D2A2613}"
EndProject
Global
	GlobalSection(SolutionConfigurationPlatforms) = preSolution
		Debug|Any CPU = Debug|Any CPU
		Release|Any CPU = Release|Any CPU
	EndGlobalSection
	GlobalSection(ProjectConfigurationPlatforms) = postSolution
		{0C4E555B-10B4-4FBC-81EF-A5EA8D2A2613}.Debug|Any CPU.ActiveCfg = Debug|Any CPU
		{0C4E555B-10B4-4FBC-81EF-A5EA8D2A2613}.Debug|Any CPU.Build.0 = Debug|Any CPU
		{0C4E555B-10B4-4FBC-81EF-A5EA8D2A2613}.Release|Any CPU.ActiveCfg = Release|Any CPU
		{0C4E555B-10B4-4FBC-81EF-A5EA8D2A2613}.Release|Any CPU.Build.0 = Release|Any CPU
	EndGlobalSection
	GlobalSection(SolutionProperties) = preSolution
		HideSolutionNode = FALSE
	EndGlobalSection
	GlobalSection(ExtensibilityGlobals) = postSolution
		SolutionGuid = {BDF45D9A-E163-4F4D-848F-BCA56F45000D}
	EndGlobalSection
EndGlobal
